
Microsoft Visual Studio Solution File, Format Version 12.00
# Visual Studio 15
VisualStudioVersion = 15.0.28307.168
MinimumVisualStudioVersion = 10.0.40219.1
Project("{FAE04EC0-301F-11D3-BF4B-00C04F79EFBC}") = "WorkNote.Android", "WorkNote\WorkNote.Android\WorkNote.Android.csproj", "{1DA2D20B-84BE-4AD7-8AB1-7CA857DBE8DB}"
EndProject
Project("{FAE04EC0-301F-11D3-BF4B-00C04F79EFBC}") = "WorkNote.iOS", "WorkNote\WorkNote.iOS\WorkNote.iOS.csproj", "{234474FF-EA08-4C2B-A9C4-32DD5AC1E3A0}"
EndProject
Project("{FAE04EC0-301F-11D3-BF4B-00C04F79EFBC}") = "WorkNote", "WorkNote\WorkNote\WorkNote.csproj", "{DA1F4D86-51E2-4C95-9526-0EC47567F217}"
EndProject
Global
	GlobalSection(SolutionConfigurationPlatforms) = preSolution
		Ad-Hoc|Any CPU = Ad-Hoc|Any CPU
		Ad-Hoc|iPhone = Ad-Hoc|iPhone
		Ad-Hoc|iPhoneSimulator = Ad-Hoc|iPhoneSimulator
		AppStore|Any CPU = AppStore|Any CPU
		AppStore|iPhone = AppStore|iPhone
		AppStore|iPhoneSimulator = AppStore|iPhoneSimulator
		Debug|Any CPU = Debug|Any CPU
		Debug|iPhone = Debug|iPhone
		Debug|iPhoneSimulator = Debug|iPhoneSimulator
		Release|Any CPU = Release|Any CPU
		Release|iPhone = Release|iPhone
		Release|iPhoneSimulator = Release|iPhoneSimulator
	EndGlobalSection
	GlobalSection(ProjectConfigurationPlatforms) = postSolution
		{1DA2D20B-84BE-4AD7-8AB1-7CA857DBE8DB}.Ad-Hoc|Any CPU.ActiveCfg = Release|Any CPU
		{1DA2D20B-84BE-4AD7-8AB1-7CA857DBE8DB}.Ad-Hoc|Any CPU.Build.0 = Release|Any CPU
		{1DA2D20B-84BE-4AD7-8AB1-7CA857DBE8DB}.Ad-Hoc|Any CPU.Deploy.0 = Release|Any CPU
		{1DA2D20B-84BE-4AD7-8AB1-7CA857DBE8DB}.Ad-Hoc|iPhone.ActiveCfg = Release|Any CPU
		{1DA2D20B-84BE-4AD7-8AB1-7CA857DBE8DB}.Ad-Hoc|iPhone.Build.0 = Release|Any CPU
		{1DA2D20B-84BE-4AD7-8AB1-7CA857DBE8DB}.Ad-Hoc|iPhone.Deploy.0 = Release|Any CPU
		{1DA2D20B-84BE-4AD7-8AB1-7CA857DBE8DB}.Ad-Hoc|iPhoneSimulator.ActiveCfg = Release|Any CPU
		{1DA2D20B-84BE-4AD7-8AB1-7CA857DBE8DB}.Ad-Hoc|iPhoneSimulator.Build.0 = Release|Any CPU
		{1DA2D20B-84BE-4AD7-8AB1-7CA857DBE8DB}.Ad-Hoc|iPhoneSimulator.Deploy.0 = Release|Any CPU
		{1DA2D20B-84BE-4AD7-8AB1-7CA857DBE8DB}.AppStore|Any CPU.ActiveCfg = Release|Any CPU
		{1DA2D20B-84BE-4AD7-8AB1-7CA857DBE8DB}.AppStore|Any CPU.Build.0 = Release|Any CPU
		{1DA2D20B-84BE-4AD7-8AB1-7CA857DBE8DB}.AppStore|Any CPU.Deploy.0 = Release|Any CPU
		{1DA2D20B-84BE-4AD7-8AB1-7CA857DBE8DB}.AppStore|iPhone.ActiveCfg = Release|Any CPU
		{1DA2D20B-84BE-4AD7-8AB1-7CA857DBE8DB}.AppStore|iPhone.Build.0 = Release|Any CPU
		{1DA2D20B-84BE-4AD7-8AB1-7CA857DBE8DB}.AppStore|iPhone.Deploy.0 = Release|Any CPU
		{1DA2D20B-84BE-4AD7-8AB1-7CA857DBE8DB}.AppStore|iPhoneSimulator.ActiveCfg = Release|Any CPU
		{1DA2D20B-84BE-4AD7-8AB1-7CA857DBE8DB}.AppStore|iPhoneSimulator.Build.0 = Release|Any CPU
		{1DA2D20B-84BE-4AD7-8AB1-7CA857DBE8DB}.AppStore|iPhoneSimulator.Deploy.0 = Release|Any CPU
		{1DA2D20B-84BE-4AD7-8AB1-7CA857DBE8DB}.Debug|Any CPU.ActiveCfg = Debug|Any CPU
		{1DA2D20B-84BE-4AD7-8AB1-7CA857DBE8DB}.Debug|Any CPU.Build.0 = Debug|Any CPU
		{1DA2D20B-84BE-4AD7-8AB1-7CA857DBE8DB}.Debug|Any CPU.Deploy.0 = Debug|Any CPU
		{1DA2D20B-84BE-4AD7-8AB1-7CA857DBE8DB}.Debug|iPhone.ActiveCfg = Debug|Any CPU
		{1DA2D20B-84BE-4AD7-8AB1-7CA857DBE8DB}.Debug|iPhone.Build.0 = Debug|Any CPU
		{1DA2D20B-84BE-4AD7-8AB1-7CA857DBE8DB}.Debug|iPhone.Deploy.0 = Debug|Any CPU
		{1DA2D20B-84BE-4AD7-8AB1-7CA857DBE8DB}.Debug|iPhoneSimulator.ActiveCfg = Debug|Any CPU
		{1DA2D20B-84BE-4AD7-8AB1-7CA857DBE8DB}.Debug|iPhoneSimulator.Build.0 = Debug|Any CPU
		{1DA2D20B-84BE-4AD7-8AB1-7CA857DBE8DB}.Debug|iPhoneSimulator.Deploy.0 = Debug|Any CPU
		{1DA2D20B-84BE-4AD7-8AB1-7CA857DBE8DB}.Release|Any CPU.ActiveCfg = Release|Any CPU
		{1DA2D20B-84BE-4AD7-8AB1-7CA857DBE8DB}.Release|Any CPU.Build.0 = Release|Any CPU
		{1DA2D20B-84BE-4AD7-8AB1-7CA857DBE8DB}.Release|Any CPU.Deploy.0 = Release|Any CPU
		{1DA2D20B-84BE-4AD7-8AB1-7CA857DBE8DB}.Release|iPhone.ActiveCfg = Release|Any CPU
		{1DA2D20B-84BE-4AD7-8AB1-7CA857DBE8DB}.Release|iPhone.Build.0 = Release|Any CPU
		{1DA2D20B-84BE-4AD7-8AB1-7CA857DBE8DB}.Release|iPhone.Deploy.0 = Release|Any CPU
		{1DA2D20B-84BE-4AD7-8AB1-7CA857DBE8DB}.Release|iPhoneSimulator.ActiveCfg = Release|Any CPU
		{1DA2D20B-84BE-4AD7-8AB1-7CA857DBE8DB}.Release|iPhoneSimulator.Build.0 = Release|Any CPU
		{1DA2D20B-84BE-4AD7-8AB1-7CA857DBE8DB}.Release|iPhoneSimulator.Deploy.0 = Release|Any CPU
		{234474FF-EA08-4C2B-A9C4-32DD5AC1E3A0}.Ad-Hoc|Any CPU.ActiveCfg = Ad-Hoc|iPhone
		{234474FF-EA08-4C2B-A9C4-32DD5AC1E3A0}.Ad-Hoc|Any CPU.Build.0 = Ad-Hoc|iPhone
		{234474FF-EA08-4C2B-A9C4-32DD5AC1E3A0}.Ad-Hoc|Any CPU.Deploy.0 = Ad-Hoc|iPhone
		{234474FF-EA08-4C2B-A9C4-32DD5AC1E3A0}.Ad-Hoc|iPhone.ActiveCfg = Ad-Hoc|iPhone
		{234474FF-EA08-4C2B-A9C4-32DD5AC1E3A0}.Ad-Hoc|iPhone.Build.0 = Ad-Hoc|iPhone
		{234474FF-EA08-4C2B-A9C4-32DD5AC1E3A0}.Ad-Hoc|iPhone.Deploy.0 = Ad-Hoc|iPhone
		{234474FF-EA08-4C2B-A9C4-32DD5AC1E3A0}.Ad-Hoc|iPhoneSimulator.ActiveCfg = Ad-Hoc|iPhoneSimulator
		{234474FF-EA08-4C2B-A9C4-32DD5AC1E3A0}.Ad-Hoc|iPhoneSimulator.Build.0 = Ad-Hoc|iPhoneSimulator
		{234474FF-EA08-4C2B-A9C4-32DD5AC1E3A0}.Ad-Hoc|iPhoneSimulator.Deploy.0 = Ad-Hoc|iPhoneSimulator
		{234474FF-EA08-4C2B-A9C4-32DD5AC1E3A0}.AppStore|Any CPU.ActiveCfg = AppStore|iPhone
		{234474FF-EA08-4C2B-A9C4-32DD5AC1E3A0}.AppStore|Any CPU.Build.0 = AppStore|iPhone
		{234474FF-EA08-4C2B-A9C4-32DD5AC1E3A0}.AppStore|Any CPU.Deploy.0 = AppStore|iPhone
		{234474FF-EA08-4C2B-A9C4-32DD5AC1E3A0}.AppStore|iPhone.ActiveCfg = AppStore|iPhone
		{234474FF-EA08-4C2B-A9C4-32DD5AC1E3A0}.AppStore|iPhone.Build.0 = AppStore|iPhone
		{234474FF-EA08-4C2B-A9C4-32DD5AC1E3A0}.AppStore|iPhone.Deploy.0 = AppStore|iPhone
		{234474FF-EA08-4C2B-A9C4-32DD5AC1E3A0}.AppStore|iPhoneSimulator.ActiveCfg = AppStore|iPhoneSimulator
		{234474FF-EA08-4C2B-A9C4-32DD5AC1E3A0}.AppStore|iPhoneSimulator.Build.0 = AppStore|iPhoneSimulator
		{234474FF-EA08-4C2B-A9C4-32DD5AC1E3A0}.AppStore|iPhoneSimulator.Deploy.0 = AppStore|iPhoneSimulator
		{234474FF-EA08-4C2B-A9C4-32DD5AC1E3A0}.Debug|Any CPU.ActiveCfg = Debug|iPhoneSimulator
		{234474FF-EA08-4C2B-A9C4-32DD5AC1E3A0}.Debug|Any CPU.Build.0 = Debug|iPhoneSimulator
		{234474FF-EA08-4C2B-A9C4-32DD5AC1E3A0}.Debug|Any CPU.Deploy.0 = Debug|iPhoneSimulator
		{234474FF-EA08-4C2B-A9C4-32DD5AC1E3A0}.Debug|iPhone.ActiveCfg = Debug|iPhone
		{234474FF-EA08-4C2B-A9C4-32DD5AC1E3A0}.Debug|iPhone.Build.0 = Debug|iPhone
		{234474FF-EA08-4C2B-A9C4-32DD5AC1E3A0}.Debug|iPhone.Deploy.0 = Debug|iPhone
		{234474FF-EA08-4C2B-A9C4-32DD5AC1E3A0}.Debug|iPhoneSimulator.ActiveCfg = Debug|iPhoneSimulator
		{234474FF-EA08-4C2B-A9C4-32DD5AC1E3A0}.Debug|iPhoneSimulator.Build.0 = Debug|iPhoneSimulator
		{234474FF-EA08-4C2B-A9C4-32DD5AC1E3A0}.Debug|iPhoneSimulator.Deploy.0 = Debug|iPhoneSimulator
		{234474FF-EA08-4C2B-A9C4-32DD5AC1E3A0}.Release|Any CPU.ActiveCfg = Release|iPhone
		{234474FF-EA08-4C2B-A9C4-32DD5AC1E3A0}.Release|Any CPU.Build.0 = Release|iPhone
		{234474FF-EA08-4C2B-A9C4-32DD5AC1E3A0}.Release|Any CPU.Deploy.0 = Release|iPhone
		{234474FF-EA08-4C2B-A9C4-32DD5AC1E3A0}.Release|iPhone.ActiveCfg = Release|iPhone
		{234474FF-EA08-4C2B-A9C4-32DD5AC1E3A0}.Release|iPhone.Build.0 = Release|iPhone
		{234474FF-EA08-4C2B-A9C4-32DD5AC1E3A0}.Release|iPhone.Deploy.0 = Release|iPhone
		{234474FF-EA08-4C2B-A9C4-32DD5AC1E3A0}.Release|iPhoneSimulator.ActiveCfg = Release|iPhoneSimulator
		{234474FF-EA08-4C2B-A9C4-32DD5AC1E3A0}.Release|iPhoneSimulator.Build.0 = Release|iPhoneSimulator
		{234474FF-EA08-4C2B-A9C4-32DD5AC1E3A0}.Release|iPhoneSimulator.Deploy.0 = Release|iPhoneSimulator
		{DA1F4D86-51E2-4C95-9526-0EC47567F217}.Ad-Hoc|Any CPU.ActiveCfg = Debug|Any CPU
		{DA1F4D86-51E2-4C95-9526-0EC47567F217}.Ad-Hoc|Any CPU.Build.0 = Debug|Any CPU
		{DA1F4D86-51E2-4C95-9526-0EC47567F217}.Ad-Hoc|Any CPU.Deploy.0 = Debug|Any CPU
		{DA1F4D86-51E2-4C95-9526-0EC47567F217}.Ad-Hoc|iPhone.ActiveCfg = Debug|Any CPU
		{DA1F4D86-51E2-4C95-9526-0EC47567F217}.Ad-Hoc|iPhone.Build.0 = Debug|Any CPU
		{DA1F4D86-51E2-4C95-9526-0EC47567F217}.Ad-Hoc|iPhone.Deploy.0 = Debug|Any CPU
		{DA1F4D86-51E2-4C95-9526-0EC47567F217}.Ad-Hoc|iPhoneSimulator.ActiveCfg = Debug|Any CPU
		{DA1F4D86-51E2-4C95-9526-0EC47567F217}.Ad-Hoc|iPhoneSimulator.Build.0 = Debug|Any CPU
		{DA1F4D86-51E2-4C95-9526-0EC47567F217}.Ad-Hoc|iPhoneSimulator.Deploy.0 = Debug|Any CPU
		{DA1F4D86-51E2-4C95-9526-0EC47567F217}.AppStore|Any CPU.ActiveCfg = Debug|Any CPU
		{DA1F4D86-51E2-4C95-9526-0EC47567F217}.AppStore|Any CPU.Build.0 = Debug|Any CPU
		{DA1F4D86-51E2-4C95-9526-0EC47567F217}.AppStore|Any CPU.Deploy.0 = Debug|Any CPU
		{DA1F4D86-51E2-4C95-9526-0EC47567F217}.AppStore|iPhone.ActiveCfg = Debug|Any CPU
		{DA1F4D86-51E2-4C95-9526-0EC47567F217}.AppStore|iPhone.Build.0 = Debug|Any CPU
		{DA1F4D86-51E2-4C95-9526-0EC47567F217}.AppStore|iPhone.Deploy.0 = Debug|Any CPU
		{DA1F4D86-51E2-4C95-9526-0EC47567F217}.AppStore|iPhoneSimulator.ActiveCfg = Debug|Any CPU
		{DA1F4D86-51E2-4C95-9526-0EC47567F217}.AppStore|iPhoneSimulator.Build.0 = Debug|Any CPU
		{DA1F4D86-51E2-4C95-9526-0EC47567F217}.AppStore|iPhoneSimulator.Deploy.0 = Debug|Any CPU
		{DA1F4D86-51E2-4C95-9526-0EC47567F217}.Debug|Any CPU.ActiveCfg = Debug|Any CPU
		{DA1F4D86-51E2-4C95-9526-0EC47567F217}.Debug|Any CPU.Build.0 = Debug|Any CPU
		{DA1F4D86-51E2-4C95-9526-0EC47567F217}.Debug|Any CPU.Deploy.0 = Debug|Any CPU
		{DA1F4D86-51E2-4C95-9526-0EC47567F217}.Debug|iPhone.ActiveCfg = Debug|Any CPU
		{DA1F4D86-51E2-4C95-9526-0EC47567F217}.Debug|iPhone.Build.0 = Debug|Any CPU
		{DA1F4D86-51E2-4C95-9526-0EC47567F217}.Debug|iPhone.Deploy.0 = Debug|Any CPU
		{DA1F4D86-51E2-4C95-9526-0EC47567F217}.Debug|iPhoneSimulator.ActiveCfg = Debug|Any CPU
		{DA1F4D86-51E2-4C95-9526-0EC47567F217}.Debug|iPhoneSimulator.Build.0 = Debug|Any CPU
		{DA1F4D86-51E2-4C95-9526-0EC47567F217}.Debug|iPhoneSimulator.Deploy.0 = Debug|Any CPU
		{DA1F4D86-51E2-4C95-9526-0EC47567F217}.Release|Any CPU.ActiveCfg = Release|Any CPU
		{DA1F4D86-51E2-4C95-9526-0EC47567F217}.Release|Any CPU.Build.0 = Release|Any CPU
		{DA1F4D86-51E2-4C95-9526-0EC47567F217}.Release|Any CPU.Deploy.0 = Release|Any CPU
		{DA1F4D86-51E2-4C95-9526-0EC47567F217}.Release|iPhone.ActiveCfg = Release|Any CPU
		{DA1F4D86-51E2-4C95-9526-0EC47567F217}.Release|iPhone.Build.0 = Release|Any CPU
		{DA1F4D86-51E2-4C95-9526-0EC47567F217}.Release|iPhone.Deploy.0 = Release|Any CPU
		{DA1F4D86-51E2-4C95-9526-0EC47567F217}.Release|iPhoneSimulator.ActiveCfg = Release|Any CPU
		{DA1F4D86-51E2-4C95-9526-0EC47567F217}.Release|iPhoneSimulator.Build.0 = Release|Any CPU
		{DA1F4D86-51E2-4C95-9526-0EC47567F217}.Release|iPhoneSimulator.Deploy.0 = Release|Any CPU
	EndGlobalSection
	GlobalSection(SolutionProperties) = preSolution
		HideSolutionNode = FALSE
	EndGlobalSection
	GlobalSection(ExtensibilityGlobals) = postSolution
		SolutionGuid = {4257BD0D-80B5-4894-A763-8A536302EFE8}
	EndGlobalSection
EndGlobal
